
Microsoft Visual Studio Solution File, Format Version 12.00
# Visual Studio Version 17
VisualStudioVersion = 17.5.33627.172
MinimumVisualStudioVersion = 10.0.40219.1
Project("{FAE04EC0-301F-11D3-BF4B-00C04F79EFBC}") = "WebApp", "WebApp\WebApp.csproj", "{446414DC-98F2-4B13-B599-CEFBF4ECBCAA}"
EndProject
Global
	GlobalSection(SolutionConfigurationPlatforms) = preSolution
		Debug|Any CPU = Debug|Any CPU
		Release|Any CPU = Release|Any CPU
	EndGlobalSection
	GlobalSection(ProjectConfigurationPlatforms) = postSolution
		{446414DC-98F2-4B13-B599-CEFBF4ECBCAA}.Debug|Any CPU.ActiveCfg = Debug|Any CPU
		{446414DC-98F2-4B13-B599-CEFBF4ECBCAA}.Debug|Any CPU.Build.0 = Debug|Any CPU
		{446414DC-98F2-4B13-B599-CEFBF4ECBCAA}.Release|Any CPU.ActiveCfg = Release|Any CPU
		{446414DC-98F2-4B13-B599-CEFBF4ECBCAA}.Release|Any CPU.Build.0 = Release|Any CPU
	EndGlobalSection
	GlobalSection(SolutionProperties) = preSolution
		HideSolutionNode = FALSE
	EndGlobalSection
	GlobalSection(ExtensibilityGlobals) = postSolution
		SolutionGuid = {871E26D8-F6C2-4A98-8318-1207317F3F4A}
	EndGlobalSection
EndGlobal
